Microsoft Visual Studio Solution File, Format Version 12.00
# Visual Studio Version 17
VisualStudioVersion = 17.5.2.0
MinimumVisualStudioVersion = 10.0.40219.1
Project("{FAE04EC0-301F-11D3-BF4B-00C04F79EFBC}") = "linux-assignment3-group11", "linux-assignment3-group11.csproj", "{27A2511F-EB97-5637-8038-B799906D50CB}"
EndProject
Global
	GlobalSection(SolutionConfigurationPlatforms) = preSolution
		Debug|Any CPU = Debug|Any CPU
		Release|Any CPU = Release|Any CPU
	EndGlobalSection
	GlobalSection(ProjectConfigurationPlatforms) = postSolution
		{27A2511F-EB97-5637-8038-B799906D50CB}.Debug|Any CPU.ActiveCfg = Debug|Any CPU
		{27A2511F-EB97-5637-8038-B799906D50CB}.Debug|Any CPU.Build.0 = Debug|Any CPU
		{27A2511F-EB97-5637-8038-B799906D50CB}.Release|Any CPU.ActiveCfg = Release|Any CPU
		{27A2511F-EB97-5637-8038-B799906D50CB}.Release|Any CPU.Build.0 = Release|Any CPU
	EndGlobalSection
	GlobalSection(SolutionProperties) = preSolution
		HideSolutionNode = FALSE
	EndGlobalSection
	GlobalSection(ExtensibilityGlobals) = postSolution
		SolutionGuid = {87239AE9-C993-4469-BB8D-6793FA7393C7}
	EndGlobalSection
EndGlobal
